{
  "object": {
    "pins": [
      {
        "package": "Alamofire",
        "repositoryURL": "https://github.com/Alamofire/Alamofire.git",
        "state": {
          "branch": null,
          "revision": "747c8db8d57b68d5e35275f10c92d55f982adbd4",
          "version": "4.9.1"
        }
      },
      {
        "package": "RxAlamofire",
        "repositoryURL": "https://github.com/RxSwiftCommunity/RxAlamofire.git",
        "state": {
          "branch": null,
          "revision": "64812f3aa1f7cc1ca1670ab890702c5dc6b9ff64",
          "version": "5.1.0"
        }
      },
      {
        "package": "RxDataSources",
        "repositoryURL": "https://github.com/RxSwiftCommunity/RxDataSources.git",
        "state": {
          "branch": null,
          "revision": "a18cee01c9ee55f04d0c7eb15c77a96c3648c88e",
          "version": "4.0.1"
        }
      },
      {
        "package": "RxSwift",
        "repositoryURL": "https://github.com/ReactiveX/RxSwift.git",
        "state": {
          "branch": null,
          "revision": "002d325b0bdee94e7882e1114af5ff4fe1e96afa",
          "version": "5.1.1"
        }
      },
      {
        "package": "UIImageColors",
        "repositoryURL": "https://github.com/jathu/UIImageColors.git",
        "state": {
          "branch": null,
          "revision": "e49e6c32ea556e9fa0109dc79686bea4a10d41a2",
          "version": "2.2.0"
        }
      }
    ]
  },
  "version": 1
}
